
Microsoft Visual Studio Solution File, Format Version 12.00
# Visual Studio Version 17
VisualStudioVersion = 17.3.32922.545
MinimumVisualStudioVersion = 10.0.40219.1
Project("{9A19103F-16F7-4668-BE54-9A1E7A4F7556}") = "IDServer", "IDServer\IDServer.csproj", "{2DBEBB70-A5C3-4B8C-AB4C-FFD6AB5C0472}"
EndProject
Project("{FAE04EC0-301F-11D3-BF4B-00C04F79EFBC}") = "Student", "Student\Student.csproj", "{EC61895B-405D-4805-8CE6-F3A995A8BFCA}"
EndProject
Project("{FAE04EC0-301F-11D3-BF4B-00C04F79EFBC}") = "Client", "Client\Client.csproj", "{CD7505E0-7794-4512-8B67-0403BD413F04}"
EndProject
Global
	GlobalSection(SolutionConfigurationPlatforms) = preSolution
		Debug|Any CPU = Debug|Any CPU
		Release|Any CPU = Release|Any CPU
	EndGlobalSection
	GlobalSection(ProjectConfigurationPlatforms) = postSolution
		{2DBEBB70-A5C3-4B8C-AB4C-FFD6AB5C0472}.Debug|Any CPU.ActiveCfg = Debug|Any CPU
		{2DBEBB70-A5C3-4B8C-AB4C-FFD6AB5C0472}.Debug|Any CPU.Build.0 = Debug|Any CPU
		{2DBEBB70-A5C3-4B8C-AB4C-FFD6AB5C0472}.Release|Any CPU.ActiveCfg = Release|Any CPU
		{2DBEBB70-A5C3-4B8C-AB4C-FFD6AB5C0472}.Release|Any CPU.Build.0 = Release|Any CPU
		{EC61895B-405D-4805-8CE6-F3A995A8BFCA}.Debug|Any CPU.ActiveCfg = Debug|Any CPU
		{EC61895B-405D-4805-8CE6-F3A995A8BFCA}.Debug|Any CPU.Build.0 = Debug|Any CPU
		{EC61895B-405D-4805-8CE6-F3A995A8BFCA}.Release|Any CPU.ActiveCfg = Release|Any CPU
		{EC61895B-405D-4805-8CE6-F3A995A8BFCA}.Release|Any CPU.Build.0 = Release|Any CPU
		{CD7505E0-7794-4512-8B67-0403BD413F04}.Debug|Any CPU.ActiveCfg = Debug|Any CPU
		{CD7505E0-7794-4512-8B67-0403BD413F04}.Debug|Any CPU.Build.0 = Debug|Any CPU
		{CD7505E0-7794-4512-8B67-0403BD413F04}.Release|Any CPU.ActiveCfg = Release|Any CPU
		{CD7505E0-7794-4512-8B67-0403BD413F04}.Release|Any CPU.Build.0 = Release|Any CPU
	EndGlobalSection
	GlobalSection(SolutionProperties) = preSolution
		HideSolutionNode = FALSE
	EndGlobalSection
	GlobalSection(ExtensibilityGlobals) = postSolution
		SolutionGuid = {9E091982-5C2E-439D-B30E-3D24E59B86B0}
	EndGlobalSection
EndGlobal
